
Microsoft Visual Studio Solution File, Format Version 12.00
# Visual Studio 2012
Project("{E24C65DC-7377-472B-9ABA-BC803B73C61A}") = "NHOM3-PT12201UD-ASSFINAL", "http://localhost:54236", "{FBECBDA4-49E6-4A93-8FDB-9B0E635E068D}"
	ProjectSection(WebsiteProperties) = preProject
		UseIISExpress = "true"
		TargetFrameworkMoniker = ".NETFramework,Version%3Dv4.5"
		Debug.AspNetCompiler.VirtualPath = "/localhost_54236"
		Debug.AspNetCompiler.PhysicalPath = "..\..\WebSites\NHOM3-PT12201UD-ASSFINAL\"
		Debug.AspNetCompiler.TargetPath = "PrecompiledWeb\localhost_54236\"
		Debug.AspNetCompiler.Updateable = "true"
		Debug.AspNetCompiler.ForceOverwrite = "true"
		Debug.AspNetCompiler.FixedNames = "false"
		Debug.AspNetCompiler.Debug = "True"
		Release.AspNetCompiler.VirtualPath = "/localhost_54236"
		Release.AspNetCompiler.PhysicalPath = "..\..\WebSites\NHOM3-PT12201UD-ASSFINAL\"
		Release.AspNetCompiler.TargetPath = "PrecompiledWeb\localhost_54236\"
		Release.AspNetCompiler.Updateable = "true"
		Release.AspNetCompiler.ForceOverwrite = "true"
		Release.AspNetCompiler.FixedNames = "false"
		Release.AspNetCompiler.Debug = "False"
		SlnRelativePath = "..\..\WebSites\NHOM3-PT12201UD-ASSFINAL\"
		DefaultWebSiteLanguage = "Visual Basic"
	EndProjectSection
EndProject
Global
	GlobalSection(SolutionConfigurationPlatforms) = preSolution
		Debug|Any CPU = Debug|Any CPU
	EndGlobalSection
	GlobalSection(ProjectConfigurationPlatforms) = postSolution
		{FBECBDA4-49E6-4A93-8FDB-9B0E635E068D}.Debug|Any CPU.ActiveCfg = Debug|Any CPU
		{FBECBDA4-49E6-4A93-8FDB-9B0E635E068D}.Debug|Any CPU.Build.0 = Debug|Any CPU
	EndGlobalSection
	GlobalSection(SolutionProperties) = preSolution
		HideSolutionNode = FALSE
	EndGlobalSection
EndGlobal
